
Microsoft Visual Studio Solution File, Format Version 12.00
# Visual Studio Version 16
VisualStudioVersion = 16.0.29911.84
MinimumVisualStudioVersion = 10.0.40219.1
Project("{FAE04EC0-301F-11D3-BF4B-00C04F79EFBC}") = "LinqSpeedTestComparison", "LinqSpeedTestComparison\LinqSpeedTestComparison.csproj", "{56776082-8C74-456D-8F19-0B5820EB8753}"
EndProject
Global
	GlobalSection(SolutionConfigurationPlatforms) = preSolution
		Debug|Any CPU = Debug|Any CPU
		Release|Any CPU = Release|Any CPU
	EndGlobalSection
	GlobalSection(ProjectConfigurationPlatforms) = postSolution
		{56776082-8C74-456D-8F19-0B5820EB8753}.Debug|Any CPU.ActiveCfg = Debug|Any CPU
		{56776082-8C74-456D-8F19-0B5820EB8753}.Debug|Any CPU.Build.0 = Debug|Any CPU
		{56776082-8C74-456D-8F19-0B5820EB8753}.Release|Any CPU.ActiveCfg = Release|Any CPU
		{56776082-8C74-456D-8F19-0B5820EB8753}.Release|Any CPU.Build.0 = Release|Any CPU
	EndGlobalSection
	GlobalSection(SolutionProperties) = preSolution
		HideSolutionNode = FALSE
	EndGlobalSection
	GlobalSection(ExtensibilityGlobals) = postSolution
		SolutionGuid = {63E80750-C83B-40C3-BC91-C39A7F094517}
	EndGlobalSection
EndGlobal
